{
  "originHash" : "2b952189908dd4f02f76307df3f16b32cb7cf5c5d43e429d9fb7f63406dbea2a",
  "pins" : [
    {
      "identity" : "capacitor-swift-pm",
      "kind" : "remoteSourceControl",
      "location" : "https://github.com/ionic-team/capacitor-swift-pm.git",
      "state" : {
        "revision" : "4f71d0b979f2f957326f04353eca7604ee937e1e",
        "version" : "8.5.0"
      }
    },
    {
      "identity" : "sentry-cocoa",
      "kind" : "remoteSourceControl",
      "location" : "https://github.com/getsentry/sentry-cocoa.git",
      "state" : {
        "revision" : "d27a0ddf0cd1bc90ab038f5781fddc39b894430e",
        "version" : "9.25.0"
      }
    }
  ],
  "version" : 3
}
